{
    "name": "url-shortener-writeworker",
    "version": "1.0.0",
    "lockfileVersion": 2,
    "requires": true,
    "packages": {
        "": {
            "name": "url-shortener-writeworker",
            "version": "1.0.0",
            "dependencies": {
                "@azure/storage-queue": "^12.12.0",
                "pg": "^8.11.3",
                "shortid": "^2.2.16"
            }
        },
        "node_modules/@azure/abort-controller": {
            "version": "2.1.2",
            "resolved": "https://registry.npmjs.org/@azure/abort-controller/-/abort-controller-2.1.2.tgz",
            "integrity": "sha512-nBrLsEWm4J2u5LpAPjxADTlq3trDgVZZXHNKabeXZtpq3d3AbN/KGO82R87rdDz5/lYB024rtEf10/q0urNgsA==",
            "dependencies": {
                "tslib": "^2.6.2"
            },
            "engines": {
                "node": ">=18.0.0"
            }
        },
        "node_modules/@azure/core-auth": {
            "version": "1.9.0",
            "resolved": "https://registry.npmjs.org/@azure/core-auth/-/core-auth-1.9.0.tgz",
            "integrity": "sha512-FPwHpZywuyasDSLMqJ6fhbOK3TqUdviZNF8OqRGA4W5Ewib2lEEZ+pBsYcBa88B2NGO/SEnYPGhyBqNlE8ilSw==",
            "dependencies": {
                "@azure/abort-controller": "^2.0.0",
                "@azure/core-util": "^1.11.0",
                "tslib": "^2.6.2"
            },
            "engines": {
                "node": ">=18.0.0"
            }
        },
        "node_modules/@azure/core-client": {
            "version": "1.9.4",
            "resolved": "https://registry.npmjs.org/@azure/core-client/-/core-client-1.9.4.tgz",
            "integrity": "sha512-f7IxTD15Qdux30s2qFARH+JxgwxWLG2Rlr4oSkPGuLWm+1p5y1+C04XGLA0vmX6EtqfutmjvpNmAfgwVIS5hpw==",
            "dependencies": {
                "@azure/abort-controller": "^2.0.0",
                "@azure/core-auth": "^1.4.0",
                "@azure/core-rest-pipeline": "^1.20.0",
                "@azure/core-tracing": "^1.0.0",
                "@azure/core-util": "^1.6.1",
                "@azure/logger": "^1.0.0",
                "tslib": "^2.6.2"
            },
            "engines": {
                "node": ">=18.0.0"
            }
        },
        "node_modules/@azure/core-http-compat": {
            "version": "2.3.0",
            "resolved": "https://registry.npmjs.org/@azure/core-http-compat/-/core-http-compat-2.3.0.tgz",
            "integrity": "sha512-qLQujmUypBBG0gxHd0j6/Jdmul6ttl24c8WGiLXIk7IHXdBlfoBqW27hyz3Xn6xbfdyVSarl1Ttbk0AwnZBYCw==",
            "dependencies": {
                "@azure/abort-controller": "^2.0.0",
                "@azure/core-client": "^1.3.0",
                "@azure/core-rest-pipeline": "^1.20.0"
            },
            "engines": {
                "node": ">=18.0.0"
            }
        },
        "node_modules/@azure/core-paging": {
            "version": "1.6.2",
            "resolved": "https://registry.npmjs.org/@azure/core-paging/-/core-paging-1.6.2.tgz",
            "integrity": "sha512-YKWi9YuCU04B55h25cnOYZHxXYtEvQEbKST5vqRga7hWY9ydd3FZHdeQF8pyh+acWZvppw13M/LMGx0LABUVMA==",
            "dependencies": {
                "tslib": "^2.6.2"
            },
            "engines": {
                "node": ">=18.0.0"
            }
        },
        "node_modules/@azure/core-rest-pipeline": {
            "version": "1.20.0",
            "resolved": "https://registry.npmjs.org/@azure/core-rest-pipeline/-/core-rest-pipeline-1.20.0.tgz",
            "integrity": "sha512-ASoP8uqZBS3H/8N8at/XwFr6vYrRP3syTK0EUjDXQy0Y1/AUS+QeIRThKmTNJO2RggvBBxaXDPM7YoIwDGeA0g==",
            "dependencies": {
                "@azure/abort-controller": "^2.0.0",
                "@azure/core-auth": "^1.8.0",
                "@azure/core-tracing": "^1.0.1",
                "@azure/core-util": "^1.11.0",
                "@azure/logger": "^1.0.0",
                "@typespec/ts-http-runtime": "^0.2.2",
                "tslib": "^2.6.2"
            },
            "engines": {
                "node": ">=18.0.0"
            }
        },
        "node_modules/@azure/core-tracing": {
            "version": "1.2.0",
            "resolved": "https://registry.npmjs.org/@azure/core-tracing/-/core-tracing-1.2.0.tgz",
            "integrity": "sha512-UKTiEJPkWcESPYJz3X5uKRYyOcJD+4nYph+KpfdPRnQJVrZfk0KJgdnaAWKfhsBBtAf/D58Az4AvCJEmWgIBAg==",
            "dependencies": {
                "tslib": "^2.6.2"
            },
            "engines": {
                "node": ">=18.0.0"
            }
        },
        "node_modules/@azure/core-util": {
            "version": "1.12.0",
            "resolved": "https://registry.npmjs.org/@azure/core-util/-/core-util-1.12.0.tgz",
            "integrity": "sha512-13IyjTQgABPARvG90+N2dXpC+hwp466XCdQXPCRlbWHgd3SJd5Q1VvaBGv6k1BIa4MQm6hAF1UBU1m8QUxV8sQ==",
            "dependencies": {
                "@azure/abort-controller": "^2.0.0",
                "@typespec/ts-http-runtime": "^0.2.2",
                "tslib": "^2.6.2"
            },
            "engines": {
                "node": ">=18.0.0"
            }
        },
        "node_modules/@azure/core-xml": {
            "version": "1.4.5",
            "resolved": "https://registry.npmjs.org/@azure/core-xml/-/core-xml-1.4.5.tgz",
            "integrity": "sha512-gT4H8mTaSXRz7eGTuQyq1aIJnJqeXzpOe9Ay7Z3FrCouer14CbV3VzjnJrNrQfbBpGBLO9oy8BmrY75A0p53cA==",
            "dependencies": {
                "fast-xml-parser": "^5.0.7",
                "tslib": "^2.8.1"
            },
            "engines": {
                "node": ">=18.0.0"
            }
        },
        "node_modules/@azure/logger": {
            "version": "1.2.0",
            "resolved": "https://registry.npmjs.org/@azure/logger/-/logger-1.2.0.tgz",
            "integrity": "sha512-0hKEzLhpw+ZTAfNJyRrn6s+V0nDWzXk9OjBr2TiGIu0OfMr5s2V4FpKLTAK3Ca5r5OKLbf4hkOGDPyiRjie/jA==",
            "dependencies": {
                "@typespec/ts-http-runtime": "^0.2.2",
                "tslib": "^2.6.2"
            },
            "engines": {
                "node": ">=18.0.0"
            }
        },
        "node_modules/@azure/storage-queue": {
            "version": "12.26.0",
            "resolved": "https://registry.npmjs.org/@azure/storage-queue/-/storage-queue-12.26.0.tgz",
            "integrity": "sha512-7rJRQR38PGj7ACALipindPTc5lyKEFlW6UNuqQZiyR1iZ9iynDqBkBlwMiAgKtN6ee8DDBv9fQGXDVSAYof/2w==",
            "dependencies": {
                "@azure/abort-controller": "^2.1.2",
                "@azure/core-auth": "^1.4.0",
                "@azure/core-client": "^1.6.2",
                "@azure/core-http-compat": "^2.0.0",
                "@azure/core-paging": "^1.1.1",
                "@azure/core-rest-pipeline": "^1.10.1",
                "@azure/core-tracing": "^1.1.2",
                "@azure/core-util": "^1.6.1",
                "@azure/core-xml": "^1.4.3",
                "@azure/logger": "^1.0.0",
                "tslib": "^2.2.0"
            },
            "engines": {
                "node": ">=18.0.0"
            }
        },
        "node_modules/@typespec/ts-http-runtime": {
            "version": "0.2.2",
            "resolved": "https://registry.npmjs.org/@typespec/ts-http-runtime/-/ts-http-runtime-0.2.2.tgz",
            "integrity": "sha512-Gz/Sm64+Sq/vklJu1tt9t+4R2lvnud8NbTD/ZfpZtMiUX7YeVpCA8j6NSW8ptwcoLL+NmYANwqP8DV0q/bwl2w==",
            "dependencies": {
                "http-proxy-agent": "^7.0.0",
                "https-proxy-agent": "^7.0.0",
                "tslib": "^2.6.2"
            },
            "engines": {
                "node": ">=18.0.0"
            }
        },
        "node_modules/agent-base": {
            "version": "7.1.3",
            "resolved": "https://registry.npmjs.org/agent-base/-/agent-base-7.1.3.tgz",
            "integrity": "sha512-jRR5wdylq8CkOe6hei19GGZnxM6rBGwFl3Bg0YItGDimvjGtAvdZk4Pu6Cl4u4Igsws4a1fd1Vq3ezrhn4KmFw==",
            "engines": {
                "node": ">= 14"
            }
        },
        "node_modules/debug": {
            "version": "4.4.1",
            "resolved": "https://registry.npmjs.org/debug/-/debug-4.4.1.tgz",
            "integrity": "sha512-KcKCqiftBJcZr++7ykoDIEwSa3XWowTfNPo92BYxjXiyYEVrUQh2aLyhxBCwww+heortUFxEJYcRzosstTEBYQ==",
            "dependencies": {
                "ms": "^2.1.3"
            },
            "engines": {
                "node": ">=6.0"
            },
            "peerDependenciesMeta": {
                "supports-color": {
                    "optional": true
                }
            }
        },
        "node_modules/fast-xml-parser": {
            "version": "5.2.3",
            "resolved": "https://registry.npmjs.org/fast-xml-parser/-/fast-xml-parser-5.2.3.tgz",
            "integrity": "sha512-OdCYfRqfpuLUFonTNjvd30rCBZUneHpSQkCqfaeWQ9qrKcl6XlWeDBNVwGb+INAIxRshuN2jF+BE0L6gbBO2mw==",
            "funding": [
                {
                    "type": "github",
                    "url": "https://github.com/sponsors/NaturalIntelligence"
                }
            ],
            "dependencies": {
                "strnum": "^2.1.0"
            },
            "bin": {
                "fxparser": "src/cli/cli.js"
            }
        },
        "node_modules/http-proxy-agent": {
            "version": "7.0.2",
            "resolved": "https://registry.npmjs.org/http-proxy-agent/-/http-proxy-agent-7.0.2.tgz",
            "integrity": "sha512-T1gkAiYYDWYx3V5Bmyu7HcfcvL7mUrTWiM6yOfa3PIphViJ/gFPbvidQ+veqSOHci/PxBcDabeUNCzpOODJZig==",
            "dependencies": {
                "agent-base": "^7.1.0",
                "debug": "^4.3.4"
            },
            "engines": {
                "node": ">= 14"
            }
        },
        "node_modules/https-proxy-agent": {
            "version": "7.0.6",
            "resolved": "https://registry.npmjs.org/https-proxy-agent/-/https-proxy-agent-7.0.6.tgz",
            "integrity": "sha512-vK9P5/iUfdl95AI+JVyUuIcVtd4ofvtrOr3HNtM2yxC9bnMbEdp3x01OhQNnjb8IJYi38VlTE3mBXwcfvywuSw==",
            "dependencies": {
                "agent-base": "^7.1.2",
                "debug": "4"
            },
            "engines": {
                "node": ">= 14"
            }
        },
        "node_modules/ms": {
            "version": "2.1.3",
            "resolved": "https://registry.npmjs.org/ms/-/ms-2.1.3.tgz",
            "integrity": "sha512-6FlzubTLZG3J2a/NVCAleEhjzq5oxgHyaCU9yYXvcLsvoVaHJq/s5xXI6/XXP6tz7R9xAOtHnSO/tXtF3WRTlA=="
        },
        "node_modules/nanoid": {
            "version": "3.3.11",
            "resolved": "https://registry.npmjs.org/nanoid/-/nanoid-3.3.11.tgz",
            "integrity": "sha512-N8SpfPUnUp1bK+PMYW8qSWdl9U+wwNWI4QKxOYDy9JAro3WMX7p2OeVRF9v+347pnakNevPmiHhNmZ2HbFA76w==",
            "funding": [
                {
                    "type": "github",
                    "url": "https://github.com/sponsors/ai"
                }
            ],
            "bin": {
                "nanoid": "bin/nanoid.cjs"
            },
            "engines": {
                "node": "^10 || ^12 || ^13.7 || ^14 || >=15.0.1"
            }
        },
        "node_modules/pg": {
            "version": "8.16.0",
            "resolved": "https://registry.npmjs.org/pg/-/pg-8.16.0.tgz",
            "integrity": "sha512-7SKfdvP8CTNXjMUzfcVTaI+TDzBEeaUnVwiVGZQD1Hh33Kpev7liQba9uLd4CfN8r9mCVsD0JIpq03+Unpz+kg==",
            "dependencies": {
                "pg-connection-string": "^2.9.0",
                "pg-pool": "^3.10.0",
                "pg-protocol": "^1.10.0",
                "pg-types": "2.2.0",
                "pgpass": "1.0.5"
            },
            "engines": {
                "node": ">= 8.0.0"
            },
            "optionalDependencies": {
                "pg-cloudflare": "^1.2.5"
            },
            "peerDependencies": {
                "pg-native": ">=3.0.1"
            },
            "peerDependenciesMeta": {
                "pg-native": {
                    "optional": true
                }
            }
        },
        "node_modules/pg-cloudflare": {
            "version": "1.2.5",
            "resolved": "https://registry.npmjs.org/pg-cloudflare/-/pg-cloudflare-1.2.5.tgz",
            "integrity": "sha512-OOX22Vt0vOSRrdoUPKJ8Wi2OpE/o/h9T8X1s4qSkCedbNah9ei2W2765be8iMVxQUsvgT7zIAT2eIa9fs5+vtg==",
            "optional": true
        },
        "node_modules/pg-connection-string": {
            "version": "2.9.0",
            "resolved": "https://registry.npmjs.org/pg-connection-string/-/pg-connection-string-2.9.0.tgz",
            "integrity": "sha512-P2DEBKuvh5RClafLngkAuGe9OUlFV7ebu8w1kmaaOgPcpJd1RIFh7otETfI6hAR8YupOLFTY7nuvvIn7PLciUQ=="
        },
        "node_modules/pg-int8": {
            "version": "1.0.1",
            "resolved": "https://registry.npmjs.org/pg-int8/-/pg-int8-1.0.1.tgz",
            "integrity": "sha512-WCtabS6t3c8SkpDBUlb1kjOs7l66xsGdKpIPZsg4wR+B3+u9UAum2odSsF9tnvxg80h4ZxLWMy4pRjOsFIqQpw==",
            "engines": {
                "node": ">=4.0.0"
            }
        },
        "node_modules/pg-pool": {
            "version": "3.10.0",
            "resolved": "https://registry.npmjs.org/pg-pool/-/pg-pool-3.10.0.tgz",
            "integrity": "sha512-DzZ26On4sQ0KmqnO34muPcmKbhrjmyiO4lCCR0VwEd7MjmiKf5NTg/6+apUEu0NF7ESa37CGzFxH513CoUmWnA==",
            "peerDependencies": {
                "pg": ">=8.0"
            }
        },
        "node_modules/pg-protocol": {
            "version": "1.10.0",
            "resolved": "https://registry.npmjs.org/pg-protocol/-/pg-protocol-1.10.0.tgz",
            "integrity": "sha512-IpdytjudNuLv8nhlHs/UrVBhU0e78J0oIS/0AVdTbWxSOkFUVdsHC/NrorO6nXsQNDTT1kzDSOMJubBQviX18Q=="
        },
        "node_modules/pg-types": {
            "version": "2.2.0",
            "resolved": "https://registry.npmjs.org/pg-types/-/pg-types-2.2.0.tgz",
            "integrity": "sha512-qTAAlrEsl8s4OiEQY69wDvcMIdQN6wdz5ojQiOy6YRMuynxenON0O5oCpJI6lshc6scgAY8qvJ2On/p+CXY0GA==",
            "dependencies": {
                "pg-int8": "1.0.1",
                "postgres-array": "~2.0.0",
                "postgres-bytea": "~1.0.0",
                "postgres-date": "~1.0.4",
                "postgres-interval": "^1.1.0"
            },
            "engines": {
                "node": ">=4"
            }
        },
        "node_modules/pgpass": {
            "version": "1.0.5",
            "resolved": "https://registry.npmjs.org/pgpass/-/pgpass-1.0.5.tgz",
            "integrity": "sha512-FdW9r/jQZhSeohs1Z3sI1yxFQNFvMcnmfuj4WBMUTxOrAyLMaTcE1aAMBiTlbMNaXvBCQuVi0R7hd8udDSP7ug==",
            "dependencies": {
                "split2": "^4.1.0"
            }
        },
        "node_modules/postgres-array": {
            "version": "2.0.0",
            "resolved": "https://registry.npmjs.org/postgres-array/-/postgres-array-2.0.0.tgz",
            "integrity": "sha512-VpZrUqU5A69eQyW2c5CA1jtLecCsN2U/bD6VilrFDWq5+5UIEVO7nazS3TEcHf1zuPYO/sqGvUvW62g86RXZuA==",
            "engines": {
                "node": ">=4"
            }
        },
        "node_modules/postgres-bytea": {
            "version": "1.0.0",
            "resolved": "https://registry.npmjs.org/postgres-bytea/-/postgres-bytea-1.0.0.tgz",
            "integrity": "sha512-xy3pmLuQqRBZBXDULy7KbaitYqLcmxigw14Q5sj8QBVLqEwXfeybIKVWiqAXTlcvdvb0+xkOtDbfQMOf4lST1w==",
            "engines": {
                "node": ">=0.10.0"
            }
        },
        "node_modules/postgres-date": {
            "version": "1.0.7",
            "resolved": "https://registry.npmjs.org/postgres-date/-/postgres-date-1.0.7.tgz",
            "integrity": "sha512-suDmjLVQg78nMK2UZ454hAG+OAW+HQPZ6n++TNDUX+L0+uUlLywnoxJKDou51Zm+zTCjrCl0Nq6J9C5hP9vK/Q==",
            "engines": {
                "node": ">=0.10.0"
            }
        },
        "node_modules/postgres-interval": {
            "version": "1.2.0",
            "resolved": "https://registry.npmjs.org/postgres-interval/-/postgres-interval-1.2.0.tgz",
            "integrity": "sha512-9ZhXKM/rw350N1ovuWHbGxnGh/SNJ4cnxHiM0rxE4VN41wsg8P8zWn9hv/buK00RP4WvlOyr/RBDiptyxVbkZQ==",
            "dependencies": {
                "xtend": "^4.0.0"
            },
            "engines": {
                "node": ">=0.10.0"
            }
        },
        "node_modules/shortid": {
            "version": "2.2.17",
            "resolved": "https://registry.npmjs.org/shortid/-/shortid-2.2.17.tgz",
            "integrity": "sha512-GpbM3gLF1UUXZvQw6MCyulHkWbRseNO4cyBEZresZRorwl1+SLu1ZdqgVtuwqz8mB6RpwPkm541mYSqrKyJSaA==",
            "dependencies": {
                "nanoid": "^3.3.8"
            }
        },
        "node_modules/split2": {
            "version": "4.2.0",
            "resolved": "https://registry.npmjs.org/split2/-/split2-4.2.0.tgz",
            "integrity": "sha512-UcjcJOWknrNkF6PLX83qcHM6KHgVKNkV62Y8a5uYDVv9ydGQVwAHMKqHdJje1VTWpljG0WYpCDhrCdAOYH4TWg==",
            "engines": {
                "node": ">= 10.x"
            }
        },
        "node_modules/strnum": {
            "version": "2.1.1",
            "resolved": "https://registry.npmjs.org/strnum/-/strnum-2.1.1.tgz",
            "integrity": "sha512-7ZvoFTiCnGxBtDqJ//Cu6fWtZtc7Y3x+QOirG15wztbdngGSkht27o2pyGWrVy0b4WAy3jbKmnoK6g5VlVNUUw==",
            "funding": [
                {
                    "type": "github",
                    "url": "https://github.com/sponsors/NaturalIntelligence"
                }
            ]
        },
        "node_modules/tslib": {
            "version": "2.8.1",
            "resolved": "https://registry.npmjs.org/tslib/-/tslib-2.8.1.tgz",
            "integrity": "sha512-oJFu94HQb+KVduSUQL7wnpmqnfmLsOA/nAh6b6EH0wCEoK0/mPeXU6c3wKDV83MkOuHPRHtSXKKU99IBazS/2w=="
        },
        "node_modules/xtend": {
            "version": "4.0.2",
            "resolved": "https://registry.npmjs.org/xtend/-/xtend-4.0.2.tgz",
            "integrity": "sha512-LKYU1iAXJXUgAXn9URjiu+MWhyUXHsvfp7mcuYm9dSUKK0/CjtrUwFAxD82/mCWbtLsGjFIad0wIsod4zrTAEQ==",
            "engines": {
                "node": ">=0.4"
            }
        }
    },
    "dependencies": {
        "@azure/abort-controller": {
            "version": "2.1.2",
            "resolved": "https://registry.npmjs.org/@azure/abort-controller/-/abort-controller-2.1.2.tgz",
            "integrity": "sha512-nBrLsEWm4J2u5LpAPjxADTlq3trDgVZZXHNKabeXZtpq3d3AbN/KGO82R87rdDz5/lYB024rtEf10/q0urNgsA==",
            "requires": {
                "tslib": "^2.6.2"
            }
        },
        "@azure/core-auth": {
            "version": "1.9.0",
            "resolved": "https://registry.npmjs.org/@azure/core-auth/-/core-auth-1.9.0.tgz",
            "integrity": "sha512-FPwHpZywuyasDSLMqJ6fhbOK3TqUdviZNF8OqRGA4W5Ewib2lEEZ+pBsYcBa88B2NGO/SEnYPGhyBqNlE8ilSw==",
            "requires": {
                "@azure/abort-controller": "^2.0.0",
                "@azure/core-util": "^1.11.0",
                "tslib": "^2.6.2"
            }
        },
        "@azure/core-client": {
            "version": "1.9.4",
            "resolved": "https://registry.npmjs.org/@azure/core-client/-/core-client-1.9.4.tgz",
            "integrity": "sha512-f7IxTD15Qdux30s2qFARH+JxgwxWLG2Rlr4oSkPGuLWm+1p5y1+C04XGLA0vmX6EtqfutmjvpNmAfgwVIS5hpw==",
            "requires": {
                "@azure/abort-controller": "^2.0.0",
                "@azure/core-auth": "^1.4.0",
                "@azure/core-rest-pipeline": "^1.20.0",
                "@azure/core-tracing": "^1.0.0",
                "@azure/core-util": "^1.6.1",
                "@azure/logger": "^1.0.0",
                "tslib": "^2.6.2"
            }
        },
        "@azure/core-http-compat": {
            "version": "2.3.0",
            "resolved": "https://registry.npmjs.org/@azure/core-http-compat/-/core-http-compat-2.3.0.tgz",
            "integrity": "sha512-qLQujmUypBBG0gxHd0j6/Jdmul6ttl24c8WGiLXIk7IHXdBlfoBqW27hyz3Xn6xbfdyVSarl1Ttbk0AwnZBYCw==",
            "requires": {
                "@azure/abort-controller": "^2.0.0",
                "@azure/core-client": "^1.3.0",
                "@azure/core-rest-pipeline": "^1.20.0"
            }
        },
        "@azure/core-paging": {
            "version": "1.6.2",
            "resolved": "https://registry.npmjs.org/@azure/core-paging/-/core-paging-1.6.2.tgz",
            "integrity": "sha512-YKWi9YuCU04B55h25cnOYZHxXYtEvQEbKST5vqRga7hWY9ydd3FZHdeQF8pyh+acWZvppw13M/LMGx0LABUVMA==",
            "requires": {
                "tslib": "^2.6.2"
            }
        },
        "@azure/core-rest-pipeline": {
            "version": "1.20.0",
            "resolved": "https://registry.npmjs.org/@azure/core-rest-pipeline/-/core-rest-pipeline-1.20.0.tgz",
            "integrity": "sha512-ASoP8uqZBS3H/8N8at/XwFr6vYrRP3syTK0EUjDXQy0Y1/AUS+QeIRThKmTNJO2RggvBBxaXDPM7YoIwDGeA0g==",
            "requires": {
                "@azure/abort-controller": "^2.0.0",
                "@azure/core-auth": "^1.8.0",
                "@azure/core-tracing": "^1.0.1",
                "@azure/core-util": "^1.11.0",
                "@azure/logger": "^1.0.0",
                "@typespec/ts-http-runtime": "^0.2.2",
                "tslib": "^2.6.2"
            }
        },
        "@azure/core-tracing": {
            "version": "1.2.0",
            "resolved": "https://registry.npmjs.org/@azure/core-tracing/-/core-tracing-1.2.0.tgz",
            "integrity": "sha512-UKTiEJPkWcESPYJz3X5uKRYyOcJD+4nYph+KpfdPRnQJVrZfk0KJgdnaAWKfhsBBtAf/D58Az4AvCJEmWgIBAg==",
            "requires": {
                "tslib": "^2.6.2"
            }
        },
        "@azure/core-util": {
            "version": "1.12.0",
            "resolved": "https://registry.npmjs.org/@azure/core-util/-/core-util-1.12.0.tgz",
            "integrity": "sha512-13IyjTQgABPARvG90+N2dXpC+hwp466XCdQXPCRlbWHgd3SJd5Q1VvaBGv6k1BIa4MQm6hAF1UBU1m8QUxV8sQ==",
            "requires": {
                "@azure/abort-controller": "^2.0.0",
                "@typespec/ts-http-runtime": "^0.2.2",
                "tslib": "^2.6.2"
            }
        },
        "@azure/core-xml": {
            "version": "1.4.5",
            "resolved": "https://registry.npmjs.org/@azure/core-xml/-/core-xml-1.4.5.tgz",
            "integrity": "sha512-gT4H8mTaSXRz7eGTuQyq1aIJnJqeXzpOe9Ay7Z3FrCouer14CbV3VzjnJrNrQfbBpGBLO9oy8BmrY75A0p53cA==",
            "requires": {
                "fast-xml-parser": "^5.0.7",
                "tslib": "^2.8.1"
            }
        },
        "@azure/logger": {
            "version": "1.2.0",
            "resolved": "https://registry.npmjs.org/@azure/logger/-/logger-1.2.0.tgz",
            "integrity": "sha512-0hKEzLhpw+ZTAfNJyRrn6s+V0nDWzXk9OjBr2TiGIu0OfMr5s2V4FpKLTAK3Ca5r5OKLbf4hkOGDPyiRjie/jA==",
            "requires": {
                "@typespec/ts-http-runtime": "^0.2.2",
                "tslib": "^2.6.2"
            }
        },
        "@azure/storage-queue": {
            "version": "12.26.0",
            "resolved": "https://registry.npmjs.org/@azure/storage-queue/-/storage-queue-12.26.0.tgz",
            "integrity": "sha512-7rJRQR38PGj7ACALipindPTc5lyKEFlW6UNuqQZiyR1iZ9iynDqBkBlwMiAgKtN6ee8DDBv9fQGXDVSAYof/2w==",
            "requires": {
                "@azure/abort-controller": "^2.1.2",
                "@azure/core-auth": "^1.4.0",
                "@azure/core-client": "^1.6.2",
                "@azure/core-http-compat": "^2.0.0",
                "@azure/core-paging": "^1.1.1",
                "@azure/core-rest-pipeline": "^1.10.1",
                "@azure/core-tracing": "^1.1.2",
                "@azure/core-util": "^1.6.1",
                "@azure/core-xml": "^1.4.3",
                "@azure/logger": "^1.0.0",
                "tslib": "^2.2.0"
            }
        },
        "@typespec/ts-http-runtime": {
            "version": "0.2.2",
            "resolved": "https://registry.npmjs.org/@typespec/ts-http-runtime/-/ts-http-runtime-0.2.2.tgz",
            "integrity": "sha512-Gz/Sm64+Sq/vklJu1tt9t+4R2lvnud8NbTD/ZfpZtMiUX7YeVpCA8j6NSW8ptwcoLL+NmYANwqP8DV0q/bwl2w==",
            "requires": {
                "http-proxy-agent": "^7.0.0",
                "https-proxy-agent": "^7.0.0",
                "tslib": "^2.6.2"
            }
        },
        "agent-base": {
            "version": "7.1.3",
            "resolved": "https://registry.npmjs.org/agent-base/-/agent-base-7.1.3.tgz",
            "integrity": "sha512-jRR5wdylq8CkOe6hei19GGZnxM6rBGwFl3Bg0YItGDimvjGtAvdZk4Pu6Cl4u4Igsws4a1fd1Vq3ezrhn4KmFw=="
        },
        "debug": {
            "version": "4.4.1",
            "resolved": "https://registry.npmjs.org/debug/-/debug-4.4.1.tgz",
            "integrity": "sha512-KcKCqiftBJcZr++7ykoDIEwSa3XWowTfNPo92BYxjXiyYEVrUQh2aLyhxBCwww+heortUFxEJYcRzosstTEBYQ==",
            "requires": {
                "ms": "^2.1.3"
            }
        },
        "fast-xml-parser": {
            "version": "5.2.3",
            "resolved": "https://registry.npmjs.org/fast-xml-parser/-/fast-xml-parser-5.2.3.tgz",
            "integrity": "sha512-OdCYfRqfpuLUFonTNjvd30rCBZUneHpSQkCqfaeWQ9qrKcl6XlWeDBNVwGb+INAIxRshuN2jF+BE0L6gbBO2mw==",
            "requires": {
                "strnum": "^2.1.0"
            }
        },
        "http-proxy-agent": {
            "version": "7.0.2",
            "resolved": "https://registry.npmjs.org/http-proxy-agent/-/http-proxy-agent-7.0.2.tgz",
            "integrity": "sha512-T1gkAiYYDWYx3V5Bmyu7HcfcvL7mUrTWiM6yOfa3PIphViJ/gFPbvidQ+veqSOHci/PxBcDabeUNCzpOODJZig==",
            "requires": {
                "agent-base": "^7.1.0",
                "debug": "^4.3.4"
            }
        },
        "https-proxy-agent": {
            "version": "7.0.6",
            "resolved": "https://registry.npmjs.org/https-proxy-agent/-/https-proxy-agent-7.0.6.tgz",
            "integrity": "sha512-vK9P5/iUfdl95AI+JVyUuIcVtd4ofvtrOr3HNtM2yxC9bnMbEdp3x01OhQNnjb8IJYi38VlTE3mBXwcfvywuSw==",
            "requires": {
                "agent-base": "^7.1.2",
                "debug": "4"
            }
        },
        "ms": {
            "version": "2.1.3",
            "resolved": "https://registry.npmjs.org/ms/-/ms-2.1.3.tgz",
            "integrity": "sha512-6FlzubTLZG3J2a/NVCAleEhjzq5oxgHyaCU9yYXvcLsvoVaHJq/s5xXI6/XXP6tz7R9xAOtHnSO/tXtF3WRTlA=="
        },
        "nanoid": {
            "version": "3.3.11",
            "resolved": "https://registry.npmjs.org/nanoid/-/nanoid-3.3.11.tgz",
            "integrity": "sha512-N8SpfPUnUp1bK+PMYW8qSWdl9U+wwNWI4QKxOYDy9JAro3WMX7p2OeVRF9v+347pnakNevPmiHhNmZ2HbFA76w=="
        },
        "pg": {
            "version": "8.16.0",
            "resolved": "https://registry.npmjs.org/pg/-/pg-8.16.0.tgz",
            "integrity": "sha512-7SKfdvP8CTNXjMUzfcVTaI+TDzBEeaUnVwiVGZQD1Hh33Kpev7liQba9uLd4CfN8r9mCVsD0JIpq03+Unpz+kg==",
            "requires": {
                "pg-cloudflare": "^1.2.5",
                "pg-connection-string": "^2.9.0",
                "pg-pool": "^3.10.0",
                "pg-protocol": "^1.10.0",
                "pg-types": "2.2.0",
                "pgpass": "1.0.5"
            }
        },
        "pg-cloudflare": {
            "version": "1.2.5",
            "resolved": "https://registry.npmjs.org/pg-cloudflare/-/pg-cloudflare-1.2.5.tgz",
            "integrity": "sha512-OOX22Vt0vOSRrdoUPKJ8Wi2OpE/o/h9T8X1s4qSkCedbNah9ei2W2765be8iMVxQUsvgT7zIAT2eIa9fs5+vtg==",
            "optional": true
        },
        "pg-connection-string": {
            "version": "2.9.0",
            "resolved": "https://registry.npmjs.org/pg-connection-string/-/pg-connection-string-2.9.0.tgz",
            "integrity": "sha512-P2DEBKuvh5RClafLngkAuGe9OUlFV7ebu8w1kmaaOgPcpJd1RIFh7otETfI6hAR8YupOLFTY7nuvvIn7PLciUQ=="
        },
        "pg-int8": {
            "version": "1.0.1",
            "resolved": "https://registry.npmjs.org/pg-int8/-/pg-int8-1.0.1.tgz",
            "integrity": "sha512-WCtabS6t3c8SkpDBUlb1kjOs7l66xsGdKpIPZsg4wR+B3+u9UAum2odSsF9tnvxg80h4ZxLWMy4pRjOsFIqQpw=="
        },
        "pg-pool": {
            "version": "3.10.0",
            "resolved": "https://registry.npmjs.org/pg-pool/-/pg-pool-3.10.0.tgz",
            "integrity": "sha512-DzZ26On4sQ0KmqnO34muPcmKbhrjmyiO4lCCR0VwEd7MjmiKf5NTg/6+apUEu0NF7ESa37CGzFxH513CoUmWnA==",
            "requires": {}
        },
        "pg-protocol": {
            "version": "1.10.0",
            "resolved": "https://registry.npmjs.org/pg-protocol/-/pg-protocol-1.10.0.tgz",
            "integrity": "sha512-IpdytjudNuLv8nhlHs/UrVBhU0e78J0oIS/0AVdTbWxSOkFUVdsHC/NrorO6nXsQNDTT1kzDSOMJubBQviX18Q=="
        },
        "pg-types": {
            "version": "2.2.0",
            "resolved": "https://registry.npmjs.org/pg-types/-/pg-types-2.2.0.tgz",
            "integrity": "sha512-qTAAlrEsl8s4OiEQY69wDvcMIdQN6wdz5ojQiOy6YRMuynxenON0O5oCpJI6lshc6scgAY8qvJ2On/p+CXY0GA==",
            "requires": {
                "pg-int8": "1.0.1",
                "postgres-array": "~2.0.0",
                "postgres-bytea": "~1.0.0",
                "postgres-date": "~1.0.4",
                "postgres-interval": "^1.1.0"
            }
        },
        "pgpass": {
            "version": "1.0.5",
            "resolved": "https://registry.npmjs.org/pgpass/-/pgpass-1.0.5.tgz",
            "integrity": "sha512-FdW9r/jQZhSeohs1Z3sI1yxFQNFvMcnmfuj4WBMUTxOrAyLMaTcE1aAMBiTlbMNaXvBCQuVi0R7hd8udDSP7ug==",
            "requires": {
                "split2": "^4.1.0"
            }
        },
        "postgres-array": {
            "version": "2.0.0",
            "resolved": "https://registry.npmjs.org/postgres-array/-/postgres-array-2.0.0.tgz",
            "integrity": "sha512-VpZrUqU5A69eQyW2c5CA1jtLecCsN2U/bD6VilrFDWq5+5UIEVO7nazS3TEcHf1zuPYO/sqGvUvW62g86RXZuA=="
        },
        "postgres-bytea": {
            "version": "1.0.0",
            "resolved": "https://registry.npmjs.org/postgres-bytea/-/postgres-bytea-1.0.0.tgz",
            "integrity": "sha512-xy3pmLuQqRBZBXDULy7KbaitYqLcmxigw14Q5sj8QBVLqEwXfeybIKVWiqAXTlcvdvb0+xkOtDbfQMOf4lST1w=="
        },
        "postgres-date": {
            "version": "1.0.7",
            "resolved": "https://registry.npmjs.org/postgres-date/-/postgres-date-1.0.7.tgz",
            "integrity": "sha512-suDmjLVQg78nMK2UZ454hAG+OAW+HQPZ6n++TNDUX+L0+uUlLywnoxJKDou51Zm+zTCjrCl0Nq6J9C5hP9vK/Q=="
        },
        "postgres-interval": {
            "version": "1.2.0",
            "resolved": "https://registry.npmjs.org/postgres-interval/-/postgres-interval-1.2.0.tgz",
            "integrity": "sha512-9ZhXKM/rw350N1ovuWHbGxnGh/SNJ4cnxHiM0rxE4VN41wsg8P8zWn9hv/buK00RP4WvlOyr/RBDiptyxVbkZQ==",
            "requires": {
                "xtend": "^4.0.0"
            }
        },
        "shortid": {
            "version": "2.2.17",
            "resolved": "https://registry.npmjs.org/shortid/-/shortid-2.2.17.tgz",
            "integrity": "sha512-GpbM3gLF1UUXZvQw6MCyulHkWbRseNO4cyBEZresZRorwl1+SLu1ZdqgVtuwqz8mB6RpwPkm541mYSqrKyJSaA==",
            "requires": {
                "nanoid": "^3.3.8"
            }
        },
        "split2": {
            "version": "4.2.0",
            "resolved": "https://registry.npmjs.org/split2/-/split2-4.2.0.tgz",
            "integrity": "sha512-UcjcJOWknrNkF6PLX83qcHM6KHgVKNkV62Y8a5uYDVv9ydGQVwAHMKqHdJje1VTWpljG0WYpCDhrCdAOYH4TWg=="
        },
        "strnum": {
            "version": "2.1.1",
            "resolved": "https://registry.npmjs.org/strnum/-/strnum-2.1.1.tgz",
            "integrity": "sha512-7ZvoFTiCnGxBtDqJ//Cu6fWtZtc7Y3x+QOirG15wztbdngGSkht27o2pyGWrVy0b4WAy3jbKmnoK6g5VlVNUUw=="
        },
        "tslib": {
            "version": "2.8.1",
            "resolved": "https://registry.npmjs.org/tslib/-/tslib-2.8.1.tgz",
            "integrity": "sha512-oJFu94HQb+KVduSUQL7wnpmqnfmLsOA/nAh6b6EH0wCEoK0/mPeXU6c3wKDV83MkOuHPRHtSXKKU99IBazS/2w=="
        },
        "xtend": {
            "version": "4.0.2",
            "resolved": "https://registry.npmjs.org/xtend/-/xtend-4.0.2.tgz",
            "integrity": "sha512-LKYU1iAXJXUgAXn9URjiu+MWhyUXHsvfp7mcuYm9dSUKK0/CjtrUwFAxD82/mCWbtLsGjFIad0wIsod4zrTAEQ=="
        }
    }
}
